
Microsoft Visual Studio Solution File, Format Version 12.00
# Visual Studio 2013
VisualStudioVersion = 12.0.31101.0
MinimumVisualStudioVersion = 10.0.40219.1
Project("{FAE04EC0-301F-11D3-BF4B-00C04F79EFBC}") = "TestFx", "TestFx\TestFx.csproj", "{F50E1B12-F468-4172-98A3-6F38DB82BF56}"
EndProject
Project("{FAE04EC0-301F-11D3-BF4B-00C04F79EFBC}") = "TestFxDriver", "TestFxDriver\TestFxDriver.csproj", "{22ADD0F1-A45B-499E-9AA3-F550EFF5B8A6}"
EndProject
Global
	GlobalSection(SolutionConfigurationPlatforms) = preSolution
		Debug|Any CPU = Debug|Any CPU
		Release|Any CPU = Release|Any CPU
	EndGlobalSection
	GlobalSection(ProjectConfigurationPlatforms) = postSolution
		{F50E1B12-F468-4172-98A3-6F38DB82BF56}.Debug|Any CPU.ActiveCfg = Debug|Any CPU
		{F50E1B12-F468-4172-98A3-6F38DB82BF56}.Debug|Any CPU.Build.0 = Debug|Any CPU
		{F50E1B12-F468-4172-98A3-6F38DB82BF56}.Release|Any CPU.ActiveCfg = Release|Any CPU
		{F50E1B12-F468-4172-98A3-6F38DB82BF56}.Release|Any CPU.Build.0 = Release|Any CPU
		{22ADD0F1-A45B-499E-9AA3-F550EFF5B8A6}.Debug|Any CPU.ActiveCfg = Debug|Any CPU
		{22ADD0F1-A45B-499E-9AA3-F550EFF5B8A6}.Debug|Any CPU.Build.0 = Debug|Any CPU
		{22ADD0F1-A45B-499E-9AA3-F550EFF5B8A6}.Release|Any CPU.ActiveCfg = Release|Any CPU
		{22ADD0F1-A45B-499E-9AA3-F550EFF5B8A6}.Release|Any CPU.Build.0 = Release|Any CPU
	EndGlobalSection
	GlobalSection(SolutionProperties) = preSolution
		HideSolutionNode = FALSE
	EndGlobalSection
EndGlobal
